
Microsoft Visual Studio Solution File, Format Version 12.00
# Visual Studio Version 17
VisualStudioVersion = 17.11.35222.181
MinimumVisualStudioVersion = 10.0.40219.1
Project("{FAE04EC0-301F-11D3-BF4B-00C04F79EFBC}") = "EF", "EF\EF.csproj", "{FCDFA9E9-BC19-4961-A098-4B8CF00BE068}"
EndProject
Global
	GlobalSection(SolutionConfigurationPlatforms) = preSolution
		Debug|Any CPU = Debug|Any CPU
		Release|Any CPU = Release|Any CPU
	EndGlobalSection
	GlobalSection(ProjectConfigurationPlatforms) = postSolution
		{FCDFA9E9-BC19-4961-A098-4B8CF00BE068}.Debug|Any CPU.ActiveCfg = Debug|Any CPU
		{FCDFA9E9-BC19-4961-A098-4B8CF00BE068}.Debug|Any CPU.Build.0 = Debug|Any CPU
		{FCDFA9E9-BC19-4961-A098-4B8CF00BE068}.Release|Any CPU.ActiveCfg = Release|Any CPU
		{FCDFA9E9-BC19-4961-A098-4B8CF00BE068}.Release|Any CPU.Build.0 = Release|Any CPU
	EndGlobalSection
	GlobalSection(SolutionProperties) = preSolution
		HideSolutionNode = FALSE
	EndGlobalSection
	GlobalSection(ExtensibilityGlobals) = postSolution
		SolutionGuid = {F84084AF-3ABF-4FED-B390-8978400ED41C}
	EndGlobalSection
EndGlobal
